PODS:
  - AFNetworking (3.1.0):
    - AFNetworking/NSURLSession (= 3.1.0)
    - AFNetworking/Reachability (= 3.1.0)
    - AFNetworking/Security (= 3.1.0)
    - AFNetworking/Serialization (= 3.1.0)
    - AFNetworking/UIKit (= 3.1.0)
  - AFNetworking/NSURLSession (3.1.0):
    - AFNetworking/Reachability
    - AFNetworking/Security
    - AFNetworking/Serialization
  - AFNetworking/Reachability (3.1.0)
  - AFNetworking/Security (3.1.0)
  - AFNetworking/Serialization (3.1.0)
  - AFNetworking/UIKit (3.1.0):
    - AFNetworking/NSURLSession
  - BearSkill (0.2.0)
  - CRAnimation (0.1.1):
    - BearSkill
    - CRAnimation/Widget (= 0.1.1)
  - CRAnimation/Widget (0.1.1):
    - BearSkill
    - CRAnimation/Widget/CCWormHUD (= 0.1.1)
    - CRAnimation/Widget/CRCardAnimationView (= 0.1.1)
    - CRAnimation/Widget/CRGatling (= 0.1.1)
    - CRAnimation/Widget/CRImageGradientView (= 0.1.1)
    - CRAnimation/Widget/HZLaunchView (= 0.1.1)
  - CRAnimation/Widget/CCWormHUD (0.1.1):
    - BearSkill
  - CRAnimation/Widget/CRCardAnimationView (0.1.1):
    - BearSkill
  - CRAnimation/Widget/CRGatling (0.1.1):
    - BearSkill
  - CRAnimation/Widget/CRImageGradientView (0.1.1):
    - BearSkill
  - CRAnimation/Widget/HZLaunchView (0.1.1):
    - BearSkill
  - FBSnapshotTestCase (2.1.4):
    - FBSnapshotTestCase/SwiftSupport (= 2.1.4)
  - FBSnapshotTestCase/Core (2.1.4)
  - FBSnapshotTestCase/SwiftSupport (2.1.4):
    - FBSnapshotTestCase/Core
  - FLAnimatedImage (1.0.12)
  - MBProgressHUD (1.0.0)
  - MJExtension (3.0.13)
  - SDWebImage (3.8.2):
    - SDWebImage/Core (= 3.8.2)
  - SDWebImage/Core (3.8.2)
  - YLGIFImage (0.11)

DEPENDENCIES:
  - AFNetworking
  - CRAnimation (from `../`)
  - FBSnapshotTestCase
  - FLAnimatedImage (~> 1.0)
  - MBProgressHUD
  - MJExtension
  - SDWebImage
  - YLGIFImage

EXTERNAL SOURCES:
  CRAnimation:
    :path: "../"

SPEC CHECKSUMS:
  AFNetworking: 5e0e199f73d8626b11e79750991f5d173d1f8b67
  BearSkill: 180b4d49cfae7466f65402eabcdb8d5a28665314
  CRAnimation: 1a6e3a2dcd55878364fd8d66a2aa80b47e092997
  FBSnapshotTestCase: 094f9f314decbabe373b87cc339bea235a63e07a
  FLAnimatedImage: 4a0b56255d9b05f18b6dd7ee06871be5d3b89e31
  MBProgressHUD: 4890f671c94e8a0f3cf959aa731e9de2f036d71a
  MJExtension: 5932755f451458eefa24239358817f8d291240c7
  SDWebImage: 098e97e6176540799c27e804c96653ee0833d13c
  YLGIFImage: c0ae132fe80e5282b2762a97d14e23ba71a748ae

PODFILE CHECKSUM: 8f8d0d082b01e08774477e07c7c1e4e4e9e26950

COCOAPODS: 1.1.0.rc.2
