PODS:
  - BearSkill (0.2.0)
  - CRAnimation (0.1.1):
    - BearSkill
    - CRAnimation/Widget (= 0.1.1)
  - CRAnimation/Widget (0.1.1):
    - BearSkill
    - CRAnimation/Widget/CCWormHUD (= 0.1.1)
    - CRAnimation/Widget/CRCardAnimationView (= 0.1.1)
    - CRAnimation/Widget/CRGatling (= 0.1.1)
    - CRAnimation/Widget/CRImageGradientView (= 0.1.1)
    - CRAnimation/Widget/HZLaunchView (= 0.1.1)
  - CRAnimation/Widget/CCWormHUD (0.1.1):
    - BearSkill
  - CRAnimation/Widget/CRCardAnimationView (0.1.1):
    - BearSkill
  - CRAnimation/Widget/CRGatling (0.1.1):
    - BearSkill
  - CRAnimation/Widget/CRImageGradientView (0.1.1):
    - BearSkill
  - CRAnimation/Widget/HZLaunchView (0.1.1):
    - BearSkill
  - FBSnapshotTestCase (2.1.4):
    - FBSnapshotTestCase/SwiftSupport (= 2.1.4)
  - FBSnapshotTestCase/Core (2.1.4)
  - FBSnapshotTestCase/SwiftSupport (2.1.4):
    - FBSnapshotTestCase/Core
  - FLAnimatedImage (1.0.12)
  - SDWebImage (3.8.2):
    - SDWebImage/Core (= 3.8.2)
  - SDWebImage/Core (3.8.2)
  - YLGIFImage (0.11)

DEPENDENCIES:
  - CRAnimation (from `../`)
  - FBSnapshotTestCase
  - FLAnimatedImage (~> 1.0)
  - SDWebImage
  - YLGIFImage

EXTERNAL SOURCES:
  CRAnimation:
    :path: "../"

SPEC CHECKSUMS:
  BearSkill: 180b4d49cfae7466f65402eabcdb8d5a28665314
  CRAnimation: 1a6e3a2dcd55878364fd8d66a2aa80b47e092997
  FBSnapshotTestCase: 094f9f314decbabe373b87cc339bea235a63e07a
  FLAnimatedImage: 4a0b56255d9b05f18b6dd7ee06871be5d3b89e31
  SDWebImage: 098e97e6176540799c27e804c96653ee0833d13c
  YLGIFImage: c0ae132fe80e5282b2762a97d14e23ba71a748ae

PODFILE CHECKSUM: 33ef65f83de027d0b514d4fc5f83a921f4fa36f4

COCOAPODS: 1.1.0.rc.2
